{
  "name": "boloshop",
  "version": "0.1.0",
  "lockfileVersion": 3,
  "requires": true,
  "packages": {
    "": {
      "name": "boloshop",
      "version": "0.1.0",
      "workspaces": [
        "services/api-gateway",
        "services/media-service",
        "packages/db"
      ],
      "engines": {
        "node": ">=20"
      }
    },
    "node_modules/@boloshop/api-gateway": {
      "resolved": "services/api-gateway",
      "link": true
    },
    "node_modules/@boloshop/db": {
      "resolved": "packages/db",
      "link": true
    },
    "node_modules/@boloshop/media-service": {
      "resolved": "services/media-service",
      "link": true
    },
    "packages/db": {
      "name": "@boloshop/db",
      "version": "0.1.0"
    },
    "services/api-gateway": {
      "name": "@boloshop/api-gateway",
      "version": "0.1.0"
    },
    "services/media-service": {
      "name": "@boloshop/media-service",
      "version": "0.1.0"
    }
  }
}
